
Microsoft Visual Studio Solution File, Format Version 12.00
# Visual Studio Version 17
VisualStudioVersion = 17.4.33205.214
MinimumVisualStudioVersion = 10.0.40219.1
Project("{FAE04EC0-301F-11D3-BF4B-00C04F79EFBC}") = "Proiect - MVC", "Proiect - MVC\Proiect - MVC.csproj", "{360124D9-29F3-488D-BA86-5818A9FF534C}"
EndProject
Global
	GlobalSection(SolutionConfigurationPlatforms) = preSolution
		Debug|Any CPU = Debug|Any CPU
		Release|Any CPU = Release|Any CPU
	EndGlobalSection
	GlobalSection(ProjectConfigurationPlatforms) = postSolution
		{360124D9-29F3-488D-BA86-5818A9FF534C}.Debug|Any CPU.ActiveCfg = Debug|Any CPU
		{360124D9-29F3-488D-BA86-5818A9FF534C}.Debug|Any CPU.Build.0 = Debug|Any CPU
		{360124D9-29F3-488D-BA86-5818A9FF534C}.Release|Any CPU.ActiveCfg = Release|Any CPU
		{360124D9-29F3-488D-BA86-5818A9FF534C}.Release|Any CPU.Build.0 = Release|Any CPU
	EndGlobalSection
	GlobalSection(SolutionProperties) = preSolution
		HideSolutionNode = FALSE
	EndGlobalSection
	GlobalSection(ExtensibilityGlobals) = postSolution
		SolutionGuid = {5E38DEB4-112D-4A97-A66D-B56255983D16}
	EndGlobalSection
EndGlobal
